
Microsoft Visual Studio Solution File, Format Version 12.00
# Visual Studio Version 16
VisualStudioVersion = 16.0.30517.126
MinimumVisualStudioVersion = 10.0.40219.1
Project("{FAE04EC0-301F-11D3-BF4B-00C04F79EFBC}") = "ValheimModTemplate", "ValheimModTemplate.csproj", "{8D23E69F-AA5C-47A4-9DD9-69B358C2D879}"
EndProject
Global
	GlobalSection(SolutionConfigurationPlatforms) = preSolution
		Debug|Any CPU = Debug|Any CPU
		Release|Any CPU = Release|Any CPU
	EndGlobalSection
	GlobalSection(ProjectConfigurationPlatforms) = postSolution
		{8D23E69F-AA5C-47A4-9DD9-69B358C2D879}.Debug|Any CPU.ActiveCfg = Debug|Any CPU
		{8D23E69F-AA5C-47A4-9DD9-69B358C2D879}.Debug|Any CPU.Build.0 = Debug|Any CPU
		{8D23E69F-AA5C-47A4-9DD9-69B358C2D879}.Release|Any CPU.ActiveCfg = Release|Any CPU
		{8D23E69F-AA5C-47A4-9DD9-69B358C2D879}.Release|Any CPU.Build.0 = Release|Any CPU
	EndGlobalSection
	GlobalSection(SolutionProperties) = preSolution
		HideSolutionNode = FALSE
	EndGlobalSection
	GlobalSection(ExtensibilityGlobals) = postSolution
		SolutionGuid = {B12F7407-A9E9-46DD-8C81-101B5B76F572}
	EndGlobalSection
EndGlobal
